
Microsoft Visual Studio Solution File, Format Version 12.00
Project("{FAE04EC0-301F-11D3-BF4B-00C04F79EFBC}") = "ExampleWebApplication", "ExampleWebApplication\ExampleWebApplication.csproj", "{53DF3E45-FB2E-48CF-AA09-C0AD6B6B253D}"
EndProject
Project("{FAE04EC0-301F-11D3-BF4B-00C04F79EFBC}") = "ExampleWebApplicationTest", "ExampleWebApplicationTest\ExampleWebApplicationTest.csproj", "{0607BC44-571D-4FB0-8A40-6FD54281BF13}"
EndProject
Global
	GlobalSection(SolutionConfigurationPlatforms) = preSolution
		Debug|Any CPU = Debug|Any CPU
		Release|Any CPU = Release|Any CPU
	EndGlobalSection
	GlobalSection(ProjectConfigurationPlatforms) = postSolution
		{53DF3E45-FB2E-48CF-AA09-C0AD6B6B253D}.Debug|Any CPU.ActiveCfg = Debug|Any CPU
		{53DF3E45-FB2E-48CF-AA09-C0AD6B6B253D}.Debug|Any CPU.Build.0 = Debug|Any CPU
		{53DF3E45-FB2E-48CF-AA09-C0AD6B6B253D}.Release|Any CPU.ActiveCfg = Release|Any CPU
		{53DF3E45-FB2E-48CF-AA09-C0AD6B6B253D}.Release|Any CPU.Build.0 = Release|Any CPU
		{0607BC44-571D-4FB0-8A40-6FD54281BF13}.Debug|Any CPU.ActiveCfg = Debug|Any CPU
		{0607BC44-571D-4FB0-8A40-6FD54281BF13}.Debug|Any CPU.Build.0 = Debug|Any CPU
		{0607BC44-571D-4FB0-8A40-6FD54281BF13}.Release|Any CPU.ActiveCfg = Release|Any CPU
		{0607BC44-571D-4FB0-8A40-6FD54281BF13}.Release|Any CPU.Build.0 = Release|Any CPU
	EndGlobalSection
EndGlobal
